<?xml version="1.0" encoding="UTF-8"?>
<Scheme
   version = "1.3">
   <BuildAction>
      <BuildActionEntries>
         <BuildActionEntry
            buildForRunning = "YES">
            <BuildableReference
               BuildableIdentifier = "primary"
               BlueprintIdentifier = "36698EE4585F1BBD86A3020A"
               BuildableName = "tdd-container-number"
               BlueprintName = "tdd-container-number"
               ReferencedContainer = "container:tdd-container-number.xcodeproj">
            </BuildableReference>
         </BuildActionEntry>
      </BuildActionEntries>
   </BuildAction>
   <LaunchAction
      useCustomWorkingDirectory = "NO"
      buildConfiguration = "Debug"
      allowLocationSimulation = "YES">
      <BuildableProductRunnable>
         <BuildableReference
            BuildableIdentifier = "primary"
            BlueprintIdentifier = "36698EE4585F1BBD86A3020A"
            BuildableName = "tdd-container-number"
            BlueprintName = "tdd-container-number"
            ReferencedContainer = "container:tdd-container-number.xcodeproj">
         </BuildableReference>
      </BuildableProductRunnable>
   </LaunchAction>
</Scheme>
